# THIS IS AN AUTOGENERATED FILE. DO NOT EDIT THIS FILE DIRECTLY.
# yarn lockfile v1


"@bazel/bazel-darwin_x64@1.2.0":
  version "1.2.0"
  resolved "https://registry.yarnpkg.com/@bazel/bazel-darwin_x64/-/bazel-darwin_x64-1.2.0.tgz#e29840c263e0ebb9286bec9fa285907c9161f890"
  integrity sha512-3th94yNeqNdmzYhUlUeGWx8XEgE9UEh/1TBsG69QOPnYw4I1MYztfAa1iYXREs7qbvQP2R260tRaNhnwg2x6JQ==

"@bazel/bazel-linux_x64@1.2.0":
  version "1.2.0"
  resolved "https://registry.yarnpkg.com/@bazel/bazel-linux_x64/-/bazel-linux_x64-1.2.0.tgz#da4f4036c38638d8d49c77c16e21f6f6bae1be06"
  integrity sha512-pEFEu1mkqFcpKBkjlFbMwWj0J+f+e54EmJrOheNCneRi5ArZLBdHtGaxcWr27VMMR99qZM656R8NXXelOmhCqA==

"@bazel/bazel-win32_x64@1.2.0":
  version "1.2.0"
  resolved "https://registry.yarnpkg.com/@bazel/bazel-win32_x64/-/bazel-win32_x64-1.2.0.tgz#1b0cf50fa4ec77e438d0ccf9550ac71a6c285f09"
  integrity sha512-fl/eKtWSW1fJIhyGD99p0c0GFv2L4019YFftmv5UBIu2Thb9wYZKQqLVyDBVe8D+Vz2tW6LpefCb+VcmiweJ8A==

"@bazel/bazel@^1.2.0":
  version "1.2.0"
  resolved "https://registry.yarnpkg.com/@bazel/bazel/-/bazel-1.2.0.tgz#3aa126823c7c880fb09afe1fadfdb457f6b99531"
  integrity sha512-+NDzRxFpYBhdCbTiCMVK9dPXWqIBLMCXH1qq28Edy7xDMoP/J0gWITh8reMBwzDte/qC5ZAq6WjRDX75hWLUog==
  dependencies:
    "@bazel/hide-bazel-files" latest
  optionalDependencies:
    "@bazel/bazel-darwin_x64" "1.2.0"
    "@bazel/bazel-linux_x64" "1.2.0"
    "@bazel/bazel-win32_x64" "1.2.0"

"@bazel/buildifier-darwin_x64@0.29.0":
  version "0.29.0"
  resolved "https://registry.yarnpkg.com/@bazel/buildifier-darwin_x64/-/buildifier-darwin_x64-0.29.0.tgz#13dfaf3ea4d89f9d4da00085e894e90b7d302342"
  integrity sha512-jiQIZo5z1c8oFokD2jObrkB04Bs+7RaUJ6WlHV9BBeJiRMGfRVUBUrOF5eJPk6VB8qknIOfHvJD/Ym5XUc1Zlw==

"@bazel/buildifier-linux_x64@0.29.0":
  version "0.29.0"
  resolved "https://registry.yarnpkg.com/@bazel/buildifier-linux_x64/-/buildifier-linux_x64-0.29.0.tgz#0191fc46735a1c281878642673844f2b717cd8dc"
  integrity sha512-sXXY0gP4oC1nC1G8Baqd7kyBL/y9/qOqftKSkDe2Y7gBoc9GslwyexwDxTSxK0Gun/4Vcvc2eRu7b83hMOxuag==

"@bazel/buildifier-win32_x64@0.29.0":
  version "0.29.0"
  resolved "https://registry.yarnpkg.com/@bazel/buildifier-win32_x64/-/buildifier-win32_x64-0.29.0.tgz#a63438c7a7d2dc593e626ed6e163e9d8ea93917a"
  integrity sha512-hnOQfPhQNAIqbrhsHT3MWAyAZSUhKwxzEuZJZoOsGrW8fPonhKysdvfZJqfqJ6vDVYaMJKvLnSO1c9QZRhU7kQ==

"@bazel/buildifier@^0.29.0":
  version "0.29.0"
  resolved "https://registry.yarnpkg.com/@bazel/buildifier/-/buildifier-0.29.0.tgz#7984739270c8d1dd23650f87a810e1e6367188d9"
  integrity sha512-skJ7vVff7x3tB8crBCtJji2wU09uH0uD2N30xfOpVUgsMJSXktAQMj8+RPdMBqJQ9XS5+O5lmRthR35Ua7xQXA==
  optionalDependencies:
    "@bazel/buildifier-darwin_x64" "0.29.0"
    "@bazel/buildifier-linux_x64" "0.29.0"
    "@bazel/buildifier-win32_x64" "0.29.0"

"@bazel/hide-bazel-files@latest":
  version "0.42.2"
  resolved "https://registry.yarnpkg.com/@bazel/hide-bazel-files/-/hide-bazel-files-0.42.2.tgz#f8d6e789a07efbea981dcad6524a1995c6d62e2b"
  integrity sha512-9mS+jWlNfC3/Z3qGL42PQ8GZ6g4bVU3weIJLsxHFxw0jy2+lL5em4gMvNuEgjfCAcpraYiIEW3gjQOQ8T/aQKQ==

"@bazel/ibazel@^0.10.3":
  version "0.10.3"
  resolved "https://registry.yarnpkg.com/@bazel/ibazel/-/ibazel-0.10.3.tgz#2e2b8a1d3e885946eac41db2b1aa6801fb319887"
  integrity sha512-v1nXbMTHVlMM4z4uWp6XiRoHAyUlYggF1SOboLLWRp0+D22kWixqArWqnozLw2mOtnxr97BdLjluWiho6A8Hjg==
